
Microsoft Visual Studio Solution File, Format Version 12.00
# Visual Studio 15
VisualStudioVersion = 15.0.28010.2050
MinimumVisualStudioVersion = 10.0.40219.1
Project("{FAE04EC0-301F-11D3-BF4B-00C04F79EFBC}") = "FavoriteNumber", "FavoriteNumber\FavoriteNumber.csproj", "{401FF507-FD67-4D43-8090-3625C7F4D8A8}"
EndProject
Global
	GlobalSection(SolutionConfigurationPlatforms) = preSolution
		Debug|Any CPU = Debug|Any CPU
		Release|Any CPU = Release|Any CPU
	EndGlobalSection
	GlobalSection(ProjectConfigurationPlatforms) = postSolution
		{401FF507-FD67-4D43-8090-3625C7F4D8A8}.Debug|Any CPU.ActiveCfg = Debug|Any CPU
		{401FF507-FD67-4D43-8090-3625C7F4D8A8}.Debug|Any CPU.Build.0 = Debug|Any CPU
		{401FF507-FD67-4D43-8090-3625C7F4D8A8}.Release|Any CPU.ActiveCfg = Release|Any CPU
		{401FF507-FD67-4D43-8090-3625C7F4D8A8}.Release|Any CPU.Build.0 = Release|Any CPU
	EndGlobalSection
	GlobalSection(SolutionProperties) = preSolution
		HideSolutionNode = FALSE
	EndGlobalSection
	GlobalSection(ExtensibilityGlobals) = postSolution
		SolutionGuid = {96270E89-AF51-4D30-8FD3-F41463DA15A7}
	EndGlobalSection
EndGlobal
