
Microsoft Visual Studio Solution File, Format Version 12.00
# Visual Studio 15
VisualStudioVersion = 15.0.28010.2050
MinimumVisualStudioVersion = 10.0.40219.1
Project("{FAE04EC0-301F-11D3-BF4B-00C04F79EFBC}") = "18SumAll", "18SumAll\18SumAll.csproj", "{6901133F-5B93-4D41-B30D-2CD7531FAD03}"
EndProject
Global
	GlobalSection(SolutionConfigurationPlatforms) = preSolution
		Debug|Any CPU = Debug|Any CPU
		Release|Any CPU = Release|Any CPU
	EndGlobalSection
	GlobalSection(ProjectConfigurationPlatforms) = postSolution
		{6901133F-5B93-4D41-B30D-2CD7531FAD03}.Debug|Any CPU.ActiveCfg = Debug|Any CPU
		{6901133F-5B93-4D41-B30D-2CD7531FAD03}.Debug|Any CPU.Build.0 = Debug|Any CPU
		{6901133F-5B93-4D41-B30D-2CD7531FAD03}.Release|Any CPU.ActiveCfg = Release|Any CPU
		{6901133F-5B93-4D41-B30D-2CD7531FAD03}.Release|Any CPU.Build.0 = Release|Any CPU
	EndGlobalSection
	GlobalSection(SolutionProperties) = preSolution
		HideSolutionNode = FALSE
	EndGlobalSection
	GlobalSection(ExtensibilityGlobals) = postSolution
		SolutionGuid = {1191639F-4A56-4CC3-B51E-6F226DC8F7BB}
	EndGlobalSection
EndGlobal
