
Microsoft Visual Studio Solution File, Format Version 12.00
# Visual Studio 15
VisualStudioVersion = 15.0.28010.2050
MinimumVisualStudioVersion = 10.0.40219.1
Project("{FAE04EC0-301F-11D3-BF4B-00C04F79EFBC}") = "24PrintEven", "24PrintEven\24PrintEven.csproj", "{0282DE6C-9E64-45EA-BAD5-298F37D6C5FC}"
EndProject
Global
	GlobalSection(SolutionConfigurationPlatforms) = preSolution
		Debug|Any CPU = Debug|Any CPU
		Release|Any CPU = Release|Any CPU
	EndGlobalSection
	GlobalSection(ProjectConfigurationPlatforms) = postSolution
		{0282DE6C-9E64-45EA-BAD5-298F37D6C5FC}.Debug|Any CPU.ActiveCfg = Debug|Any CPU
		{0282DE6C-9E64-45EA-BAD5-298F37D6C5FC}.Debug|Any CPU.Build.0 = Debug|Any CPU
		{0282DE6C-9E64-45EA-BAD5-298F37D6C5FC}.Release|Any CPU.ActiveCfg = Release|Any CPU
		{0282DE6C-9E64-45EA-BAD5-298F37D6C5FC}.Release|Any CPU.Build.0 = Release|Any CPU
	EndGlobalSection
	GlobalSection(SolutionProperties) = preSolution
		HideSolutionNode = FALSE
	EndGlobalSection
	GlobalSection(ExtensibilityGlobals) = postSolution
		SolutionGuid = {C82CC810-A62D-4665-97A1-2DAB7E18DF03}
	EndGlobalSection
EndGlobal
