
Microsoft Visual Studio Solution File, Format Version 12.00
# Visual Studio 15
VisualStudioVersion = 15.0.28010.2050
MinimumVisualStudioVersion = 10.0.40219.1
Project("{FAE04EC0-301F-11D3-BF4B-00C04F79EFBC}") = "14HelloUser", "14HelloUser\14HelloUser.csproj", "{9C2A4E0E-3524-4F65-99DF-52738BB4516E}"
EndProject
Global
	GlobalSection(SolutionConfigurationPlatforms) = preSolution
		Debug|Any CPU = Debug|Any CPU
		Release|Any CPU = Release|Any CPU
	EndGlobalSection
	GlobalSection(ProjectConfigurationPlatforms) = postSolution
		{9C2A4E0E-3524-4F65-99DF-52738BB4516E}.Debug|Any CPU.ActiveCfg = Debug|Any CPU
		{9C2A4E0E-3524-4F65-99DF-52738BB4516E}.Debug|Any CPU.Build.0 = Debug|Any CPU
		{9C2A4E0E-3524-4F65-99DF-52738BB4516E}.Release|Any CPU.ActiveCfg = Release|Any CPU
		{9C2A4E0E-3524-4F65-99DF-52738BB4516E}.Release|Any CPU.Build.0 = Release|Any CPU
	EndGlobalSection
	GlobalSection(SolutionProperties) = preSolution
		HideSolutionNode = FALSE
	EndGlobalSection
	GlobalSection(ExtensibilityGlobals) = postSolution
		SolutionGuid = {150D6F2D-1DC4-4E33-9ED3-C989E5D8ED72}
	EndGlobalSection
EndGlobal
