
Microsoft Visual Studio Solution File, Format Version 12.00
# Visual Studio 15
VisualStudioVersion = 15.0.28010.2050
MinimumVisualStudioVersion = 10.0.40219.1
Project("{FAE04EC0-301F-11D3-BF4B-00C04F79EFBC}") = "15MileToKmConverter", "15MileToKmConverter\15MileToKmConverter.csproj", "{18D25B52-7BC3-4845-B77E-DD2F35B44AD8}"
EndProject
Global
	GlobalSection(SolutionConfigurationPlatforms) = preSolution
		Debug|Any CPU = Debug|Any CPU
		Release|Any CPU = Release|Any CPU
	EndGlobalSection
	GlobalSection(ProjectConfigurationPlatforms) = postSolution
		{18D25B52-7BC3-4845-B77E-DD2F35B44AD8}.Debug|Any CPU.ActiveCfg = Debug|Any CPU
		{18D25B52-7BC3-4845-B77E-DD2F35B44AD8}.Debug|Any CPU.Build.0 = Debug|Any CPU
		{18D25B52-7BC3-4845-B77E-DD2F35B44AD8}.Release|Any CPU.ActiveCfg = Release|Any CPU
		{18D25B52-7BC3-4845-B77E-DD2F35B44AD8}.Release|Any CPU.Build.0 = Release|Any CPU
	EndGlobalSection
	GlobalSection(SolutionProperties) = preSolution
		HideSolutionNode = FALSE
	EndGlobalSection
	GlobalSection(ExtensibilityGlobals) = postSolution
		SolutionGuid = {A01AE2D9-4C72-4ED7-A37B-D62988BD0B6E}
	EndGlobalSection
EndGlobal
