
Microsoft Visual Studio Solution File, Format Version 12.00
# Visual Studio 15
VisualStudioVersion = 15.0.28010.2050
MinimumVisualStudioVersion = 10.0.40219.1
Project("{FAE04EC0-301F-11D3-BF4B-00C04F79EFBC}") = "13SecondsInADay", "13SecondsInADay\13SecondsInADay.csproj", "{661A5E00-C108-451A-9359-72BA29796006}"
EndProject
Global
	GlobalSection(SolutionConfigurationPlatforms) = preSolution
		Debug|Any CPU = Debug|Any CPU
		Release|Any CPU = Release|Any CPU
	EndGlobalSection
	GlobalSection(ProjectConfigurationPlatforms) = postSolution
		{661A5E00-C108-451A-9359-72BA29796006}.Debug|Any CPU.ActiveCfg = Debug|Any CPU
		{661A5E00-C108-451A-9359-72BA29796006}.Debug|Any CPU.Build.0 = Debug|Any CPU
		{661A5E00-C108-451A-9359-72BA29796006}.Release|Any CPU.ActiveCfg = Release|Any CPU
		{661A5E00-C108-451A-9359-72BA29796006}.Release|Any CPU.Build.0 = Release|Any CPU
	EndGlobalSection
	GlobalSection(SolutionProperties) = preSolution
		HideSolutionNode = FALSE
	EndGlobalSection
	GlobalSection(ExtensibilityGlobals) = postSolution
		SolutionGuid = {F7946CF8-D2D2-486C-AE3F-9B9FC72A0BEF}
	EndGlobalSection
EndGlobal
