
Microsoft Visual Studio Solution File, Format Version 12.00
# Visual Studio 15
VisualStudioVersion = 15.0.28010.2050
MinimumVisualStudioVersion = 10.0.40219.1
Project("{FAE04EC0-301F-11D3-BF4B-00C04F79EFBC}") = "19ReverseList", "19ReverseList\19ReverseList.csproj", "{64053DB6-747D-4554-9168-DB5AD75D896F}"
EndProject
Global
	GlobalSection(SolutionConfigurationPlatforms) = preSolution
		Debug|Any CPU = Debug|Any CPU
		Release|Any CPU = Release|Any CPU
	EndGlobalSection
	GlobalSection(ProjectConfigurationPlatforms) = postSolution
		{64053DB6-747D-4554-9168-DB5AD75D896F}.Debug|Any CPU.ActiveCfg = Debug|Any CPU
		{64053DB6-747D-4554-9168-DB5AD75D896F}.Debug|Any CPU.Build.0 = Debug|Any CPU
		{64053DB6-747D-4554-9168-DB5AD75D896F}.Release|Any CPU.ActiveCfg = Release|Any CPU
		{64053DB6-747D-4554-9168-DB5AD75D896F}.Release|Any CPU.Build.0 = Release|Any CPU
	EndGlobalSection
	GlobalSection(SolutionProperties) = preSolution
		HideSolutionNode = FALSE
	EndGlobalSection
	GlobalSection(ExtensibilityGlobals) = postSolution
		SolutionGuid = {72217C23-A475-45D2-B586-AD69128BAB13}
	EndGlobalSection
EndGlobal
