
Microsoft Visual Studio Solution File, Format Version 12.00
# Visual Studio 15
VisualStudioVersion = 15.0.28010.2050
MinimumVisualStudioVersion = 10.0.40219.1
Project("{FAE04EC0-301F-11D3-BF4B-00C04F79EFBC}") = "05Factorio", "05Factorio\05Factorio.csproj", "{1EDF4406-AC3B-4534-8565-4B96ACFB5725}"
EndProject
Global
	GlobalSection(SolutionConfigurationPlatforms) = preSolution
		Debug|Any CPU = Debug|Any CPU
		Release|Any CPU = Release|Any CPU
	EndGlobalSection
	GlobalSection(ProjectConfigurationPlatforms) = postSolution
		{1EDF4406-AC3B-4534-8565-4B96ACFB5725}.Debug|Any CPU.ActiveCfg = Debug|Any CPU
		{1EDF4406-AC3B-4534-8565-4B96ACFB5725}.Debug|Any CPU.Build.0 = Debug|Any CPU
		{1EDF4406-AC3B-4534-8565-4B96ACFB5725}.Release|Any CPU.ActiveCfg = Release|Any CPU
		{1EDF4406-AC3B-4534-8565-4B96ACFB5725}.Release|Any CPU.Build.0 = Release|Any CPU
	EndGlobalSection
	GlobalSection(SolutionProperties) = preSolution
		HideSolutionNode = FALSE
	EndGlobalSection
	GlobalSection(ExtensibilityGlobals) = postSolution
		SolutionGuid = {162DDCF0-F55D-4C24-887B-942A88C09E1F}
	EndGlobalSection
EndGlobal
