
Microsoft Visual Studio Solution File, Format Version 12.00
# Visual Studio 15
VisualStudioVersion = 15.0.28010.2050
MinimumVisualStudioVersion = 10.0.40219.1
Project("{FAE04EC0-301F-11D3-BF4B-00C04F79EFBC}") = "14Color", "14Color\14Color.csproj", "{99937E96-D93C-409F-91EB-A4EFA57C4B70}"
EndProject
Global
	GlobalSection(SolutionConfigurationPlatforms) = preSolution
		Debug|Any CPU = Debug|Any CPU
		Release|Any CPU = Release|Any CPU
	EndGlobalSection
	GlobalSection(ProjectConfigurationPlatforms) = postSolution
		{99937E96-D93C-409F-91EB-A4EFA57C4B70}.Debug|Any CPU.ActiveCfg = Debug|Any CPU
		{99937E96-D93C-409F-91EB-A4EFA57C4B70}.Debug|Any CPU.Build.0 = Debug|Any CPU
		{99937E96-D93C-409F-91EB-A4EFA57C4B70}.Release|Any CPU.ActiveCfg = Release|Any CPU
		{99937E96-D93C-409F-91EB-A4EFA57C4B70}.Release|Any CPU.Build.0 = Release|Any CPU
	EndGlobalSection
	GlobalSection(SolutionProperties) = preSolution
		HideSolutionNode = FALSE
	EndGlobalSection
	GlobalSection(ExtensibilityGlobals) = postSolution
		SolutionGuid = {17D772E8-6378-4333-B6C1-848E1BDEC15B}
	EndGlobalSection
EndGlobal
