
Microsoft Visual Studio Solution File, Format Version 12.00
# Visual Studio 15
VisualStudioVersion = 15.0.28010.2050
MinimumVisualStudioVersion = 10.0.40219.1
Project("{FAE04EC0-301F-11D3-BF4B-00C04F79EFBC}") = "Integers", "Integers\Integers.csproj", "{ABEC5825-1352-47B1-9DD6-8EB42E4B7F20}"
EndProject
Global
	GlobalSection(SolutionConfigurationPlatforms) = preSolution
		Debug|Any CPU = Debug|Any CPU
		Release|Any CPU = Release|Any CPU
	EndGlobalSection
	GlobalSection(ProjectConfigurationPlatforms) = postSolution
		{ABEC5825-1352-47B1-9DD6-8EB42E4B7F20}.Debug|Any CPU.ActiveCfg = Debug|Any CPU
		{ABEC5825-1352-47B1-9DD6-8EB42E4B7F20}.Debug|Any CPU.Build.0 = Debug|Any CPU
		{ABEC5825-1352-47B1-9DD6-8EB42E4B7F20}.Release|Any CPU.ActiveCfg = Release|Any CPU
		{ABEC5825-1352-47B1-9DD6-8EB42E4B7F20}.Release|Any CPU.Build.0 = Release|Any CPU
	EndGlobalSection
	GlobalSection(SolutionProperties) = preSolution
		HideSolutionNode = FALSE
	EndGlobalSection
	GlobalSection(ExtensibilityGlobals) = postSolution
		SolutionGuid = {F193D421-6DD7-43C1-A64D-CC0D2933AF39}
	EndGlobalSection
EndGlobal
