
Microsoft Visual Studio Solution File, Format Version 12.00
# Visual Studio 15
VisualStudioVersion = 15.0.28010.2050
MinimumVisualStudioVersion = 10.0.40219.1
Project("{FAE04EC0-301F-11D3-BF4B-00C04F79EFBC}") = "Functions", "Functions\Functions.csproj", "{2A8938E0-25C3-4F53-ADB3-D32F577B720C}"
EndProject
Global
	GlobalSection(SolutionConfigurationPlatforms) = preSolution
		Debug|Any CPU = Debug|Any CPU
		Release|Any CPU = Release|Any CPU
	EndGlobalSection
	GlobalSection(ProjectConfigurationPlatforms) = postSolution
		{2A8938E0-25C3-4F53-ADB3-D32F577B720C}.Debug|Any CPU.ActiveCfg = Debug|Any CPU
		{2A8938E0-25C3-4F53-ADB3-D32F577B720C}.Debug|Any CPU.Build.0 = Debug|Any CPU
		{2A8938E0-25C3-4F53-ADB3-D32F577B720C}.Release|Any CPU.ActiveCfg = Release|Any CPU
		{2A8938E0-25C3-4F53-ADB3-D32F577B720C}.Release|Any CPU.Build.0 = Release|Any CPU
	EndGlobalSection
	GlobalSection(SolutionProperties) = preSolution
		HideSolutionNode = FALSE
	EndGlobalSection
	GlobalSection(ExtensibilityGlobals) = postSolution
		SolutionGuid = {B1EC1434-9D97-4C92-A3D1-0E7CDA174408}
	EndGlobalSection
EndGlobal
