
Microsoft Visual Studio Solution File, Format Version 12.00
# Visual Studio 15
VisualStudioVersion = 15.0.28010.2050
MinimumVisualStudioVersion = 10.0.40219.1
Project("{FAE04EC0-301F-11D3-BF4B-00C04F79EFBC}") = "26FizzBuzz", "26FizzBuzz\26FizzBuzz.csproj", "{F826FC95-7B88-490A-9BAB-CAE483AD1085}"
EndProject
Global
	GlobalSection(SolutionConfigurationPlatforms) = preSolution
		Debug|Any CPU = Debug|Any CPU
		Release|Any CPU = Release|Any CPU
	EndGlobalSection
	GlobalSection(ProjectConfigurationPlatforms) = postSolution
		{F826FC95-7B88-490A-9BAB-CAE483AD1085}.Debug|Any CPU.ActiveCfg = Debug|Any CPU
		{F826FC95-7B88-490A-9BAB-CAE483AD1085}.Debug|Any CPU.Build.0 = Debug|Any CPU
		{F826FC95-7B88-490A-9BAB-CAE483AD1085}.Release|Any CPU.ActiveCfg = Release|Any CPU
		{F826FC95-7B88-490A-9BAB-CAE483AD1085}.Release|Any CPU.Build.0 = Release|Any CPU
	EndGlobalSection
	GlobalSection(SolutionProperties) = preSolution
		HideSolutionNode = FALSE
	EndGlobalSection
	GlobalSection(ExtensibilityGlobals) = postSolution
		SolutionGuid = {FE02327C-F635-4F57-A2F2-50D1DED6CC64}
	EndGlobalSection
EndGlobal
