
Microsoft Visual Studio Solution File, Format Version 12.00
# Visual Studio 15
VisualStudioVersion = 15.0.28010.2050
MinimumVisualStudioVersion = 10.0.40219.1
Project("{FAE04EC0-301F-11D3-BF4B-00C04F79EFBC}") = "19OneTwoALot", "19OneTwoALot\19OneTwoALot.csproj", "{725920F2-3CD2-45CF-BF88-13CD39F69077}"
EndProject
Global
	GlobalSection(SolutionConfigurationPlatforms) = preSolution
		Debug|Any CPU = Debug|Any CPU
		Release|Any CPU = Release|Any CPU
	EndGlobalSection
	GlobalSection(ProjectConfigurationPlatforms) = postSolution
		{725920F2-3CD2-45CF-BF88-13CD39F69077}.Debug|Any CPU.ActiveCfg = Debug|Any CPU
		{725920F2-3CD2-45CF-BF88-13CD39F69077}.Debug|Any CPU.Build.0 = Debug|Any CPU
		{725920F2-3CD2-45CF-BF88-13CD39F69077}.Release|Any CPU.ActiveCfg = Release|Any CPU
		{725920F2-3CD2-45CF-BF88-13CD39F69077}.Release|Any CPU.Build.0 = Release|Any CPU
	EndGlobalSection
	GlobalSection(SolutionProperties) = preSolution
		HideSolutionNode = FALSE
	EndGlobalSection
	GlobalSection(ExtensibilityGlobals) = postSolution
		SolutionGuid = {376C805D-966A-4A7A-80D8-39BB3A799518}
	EndGlobalSection
EndGlobal
